<Solution>
  <Project Path="task18/task18.csproj" Id="36bd1c3a-0bf4-4c45-8bda-654fc3d01e71" />
  <Project Path="task18research/task18research.csproj" Id="95f5c09b-f3d0-43bb-a67f-372acb6790dd" />
  <Project Path="task18tests/task18tests.csproj" Id="cb2a5005-87b1-46fd-ac28-d3df79ee00bb" />
</Solution>
